{
  "requires": true,
  "lockfileVersion": 1,
  "dependencies": {
    "rtcpeerconnection-shim": {
      "version": "1.2.13",
      "resolved": "https://registry.npmjs.org/rtcpeerconnection-shim/-/rtcpeerconnection-shim-1.2.13.tgz",
      "integrity": "sha512-Xz4zQLZNs9lFBvqbaHGIjLWtyZ1V82ec5r+WNEo7NlIx3zF5M3ytn9mkkfYeZmpE032cNg3Vvf0rP8kNXUNd9w==",
      "requires": {
        "sdp": "2.7.4"
      }
    },
    "sdp": {
      "version": "2.7.4",
      "resolved": "https://registry.npmjs.org/sdp/-/sdp-2.7.4.tgz",
      "integrity": "sha512-0+wTfgvUUEGcvvFoHIC0aiGbx6gzwAUm8FkKt5Oqqkjf9mEEDLgwnoDKX7MYTGXrNNwzikVbutJ+OVNAGmJBQw=="
    },
    "webrtc-adapter": {
      "version": "6.2.1",
      "resolved": "https://registry.npmjs.org/webrtc-adapter/-/webrtc-adapter-6.2.1.tgz",
      "integrity": "sha1-TQ7aWS8n1fMojqiuEcEkWsFW1nY=",
      "requires": {
        "rtcpeerconnection-shim": "1.2.13",
        "sdp": "2.7.4"
      }
    }
  }
}
